
Microsoft Visual Studio Solution File, Format Version 11.00
# Visual Studio 2010
# SharpDevelop 4.4
Project("{FD48973F-F585-4F70-812B-4D0503B36CE9}") = "StrInt1", "StrInt1\StrInt1.pyproj", "{DBE59B34-5C79-4E2D-B9FA-B6BEB982F620}"
EndProject
Global
	GlobalSection(SolutionConfigurationPlatforms) = preSolution
		Debug|Any CPU = Debug|Any CPU
		Release|Any CPU = Release|Any CPU
	EndGlobalSection
	GlobalSection(ProjectConfigurationPlatforms) = postSolution
		{DBE59B34-5C79-4E2D-B9FA-B6BEB982F620}.Debug|Any CPU.Build.0 = Debug|Any CPU
		{DBE59B34-5C79-4E2D-B9FA-B6BEB982F620}.Debug|Any CPU.ActiveCfg = Debug|Any CPU
		{DBE59B34-5C79-4E2D-B9FA-B6BEB982F620}.Release|Any CPU.Build.0 = Release|Any CPU
		{DBE59B34-5C79-4E2D-B9FA-B6BEB982F620}.Release|Any CPU.ActiveCfg = Release|Any CPU
	EndGlobalSection
EndGlobal
