
Microsoft Visual Studio Solution File, Format Version 12.00
# Visual Studio Version 17
VisualStudioVersion = 17.0.32014.148
MinimumVisualStudioVersion = 10.0.40219.1
Project("{FAE04EC0-301F-11D3-BF4B-00C04F79EFBC}") = "Program54a", "Program54a\Program54a.csproj", "{5A106BAF-FF93-4943-BB01-A49B37214FC1}"
EndProject
Project("{9A19103F-16F7-4668-BE54-9A1E7A4F7556}") = "HelloWorld", "HelloWorld\HelloWorld.csproj", "{4C4C0119-D651-4C26-9DBC-F4FC5A128EDC}"
EndProject
Project("{9A19103F-16F7-4668-BE54-9A1E7A4F7556}") = "HelloName", "HelloName\HelloName.csproj", "{4D16C807-B95A-451A-8EFE-7B25A9420FB5}"
EndProject
Project("{FAE04EC0-301F-11D3-BF4B-00C04F79EFBC}") = "Lang52aConsole", "Lang52aConsole\Lang52aConsole.csproj", "{5DE2F789-D868-4480-BE55-8EF644555137}"
EndProject
Project("{FAE04EC0-301F-11D3-BF4B-00C04F79EFBC}") = "Lang54bConsole", "Lang54bConsole\Lang54bConsole.csproj", "{B7A537DB-710B-44F3-A4B1-E154E9E71688}"
EndProject
Global
	GlobalSection(SolutionConfigurationPlatforms) = preSolution
		Debug|Any CPU = Debug|Any CPU
		Release|Any CPU = Release|Any CPU
	EndGlobalSection
	GlobalSection(ProjectConfigurationPlatforms) = postSolution
		{5A106BAF-FF93-4943-BB01-A49B37214FC1}.Debug|Any CPU.ActiveCfg = Debug|Any CPU
		{5A106BAF-FF93-4943-BB01-A49B37214FC1}.Debug|Any CPU.Build.0 = Debug|Any CPU
		{5A106BAF-FF93-4943-BB01-A49B37214FC1}.Release|Any CPU.ActiveCfg = Release|Any CPU
		{5A106BAF-FF93-4943-BB01-A49B37214FC1}.Release|Any CPU.Build.0 = Release|Any CPU
		{4C4C0119-D651-4C26-9DBC-F4FC5A128EDC}.Debug|Any CPU.ActiveCfg = Debug|Any CPU
		{4C4C0119-D651-4C26-9DBC-F4FC5A128EDC}.Debug|Any CPU.Build.0 = Debug|Any CPU
		{4C4C0119-D651-4C26-9DBC-F4FC5A128EDC}.Release|Any CPU.ActiveCfg = Release|Any CPU
		{4C4C0119-D651-4C26-9DBC-F4FC5A128EDC}.Release|Any CPU.Build.0 = Release|Any CPU
		{4D16C807-B95A-451A-8EFE-7B25A9420FB5}.Debug|Any CPU.ActiveCfg = Debug|Any CPU
		{4D16C807-B95A-451A-8EFE-7B25A9420FB5}.Debug|Any CPU.Build.0 = Debug|Any CPU
		{4D16C807-B95A-451A-8EFE-7B25A9420FB5}.Release|Any CPU.ActiveCfg = Release|Any CPU
		{4D16C807-B95A-451A-8EFE-7B25A9420FB5}.Release|Any CPU.Build.0 = Release|Any CPU
		{5DE2F789-D868-4480-BE55-8EF644555137}.Debug|Any CPU.ActiveCfg = Debug|Any CPU
		{5DE2F789-D868-4480-BE55-8EF644555137}.Debug|Any CPU.Build.0 = Debug|Any CPU
		{5DE2F789-D868-4480-BE55-8EF644555137}.Release|Any CPU.ActiveCfg = Release|Any CPU
		{5DE2F789-D868-4480-BE55-8EF644555137}.Release|Any CPU.Build.0 = Release|Any CPU
		{B7A537DB-710B-44F3-A4B1-E154E9E71688}.Debug|Any CPU.ActiveCfg = Debug|Any CPU
		{B7A537DB-710B-44F3-A4B1-E154E9E71688}.Debug|Any CPU.Build.0 = Debug|Any CPU
		{B7A537DB-710B-44F3-A4B1-E154E9E71688}.Release|Any CPU.ActiveCfg = Release|Any CPU
		{B7A537DB-710B-44F3-A4B1-E154E9E71688}.Release|Any CPU.Build.0 = Release|Any CPU
	EndGlobalSection
	GlobalSection(SolutionProperties) = preSolution
		HideSolutionNode = FALSE
	EndGlobalSection
	GlobalSection(ExtensibilityGlobals) = postSolution
		SolutionGuid = {A29681A8-501C-4B3F-8457-90CAD9690C7A}
	EndGlobalSection
EndGlobal
