
Microsoft Visual Studio Solution File, Format Version 11.00
# Visual Studio 2010
# SharpDevelop 4.4
Project("{FD48973F-F585-4F70-812B-4D0503B36CE9}") = "Pg484DormAndMealPlans", "Pg484DormAndMealPlans\Pg484DormAndMealPlans.pyproj", "{BAF9806A-2689-4C75-8C62-3E0AD8B4F13C}"
EndProject
Global
	GlobalSection(SolutionConfigurationPlatforms) = preSolution
		Debug|Any CPU = Debug|Any CPU
		Release|Any CPU = Release|Any CPU
	EndGlobalSection
	GlobalSection(ProjectConfigurationPlatforms) = postSolution
		{BAF9806A-2689-4C75-8C62-3E0AD8B4F13C}.Debug|Any CPU.Build.0 = Debug|Any CPU
		{BAF9806A-2689-4C75-8C62-3E0AD8B4F13C}.Debug|Any CPU.ActiveCfg = Debug|Any CPU
		{BAF9806A-2689-4C75-8C62-3E0AD8B4F13C}.Release|Any CPU.Build.0 = Release|Any CPU
		{BAF9806A-2689-4C75-8C62-3E0AD8B4F13C}.Release|Any CPU.ActiveCfg = Release|Any CPU
	EndGlobalSection
EndGlobal
