
Microsoft Visual Studio Solution File, Format Version 11.00
# Visual Studio 2010
# SharpDevelop 4.4
Project("{FD48973F-F585-4F70-812B-4D0503B36CE9}") = "LP3-2", "LP3-2\LP3-2.pyproj", "{851099E9-1D38-4755-AF95-6B1609C1F8E7}"
EndProject
Global
	GlobalSection(SolutionConfigurationPlatforms) = preSolution
		Debug|Any CPU = Debug|Any CPU
		Release|Any CPU = Release|Any CPU
	EndGlobalSection
	GlobalSection(ProjectConfigurationPlatforms) = postSolution
		{851099E9-1D38-4755-AF95-6B1609C1F8E7}.Debug|Any CPU.Build.0 = Debug|Any CPU
		{851099E9-1D38-4755-AF95-6B1609C1F8E7}.Debug|Any CPU.ActiveCfg = Debug|Any CPU
		{851099E9-1D38-4755-AF95-6B1609C1F8E7}.Release|Any CPU.Build.0 = Release|Any CPU
		{851099E9-1D38-4755-AF95-6B1609C1F8E7}.Release|Any CPU.ActiveCfg = Release|Any CPU
	EndGlobalSection
EndGlobal
