
Microsoft Visual Studio Solution File, Format Version 11.00
# Visual Studio 2010
# SharpDevelop 4.4
Project("{FAE04EC0-301F-11D3-BF4B-00C04F79EFBC}") = "Pg334 LoanCalculator", "Pg334 LoanCalculator.csproj", "{4B7E130C-FCD6-4EB1-8208-F5F94B82738F}"
EndProject
Global
	GlobalSection(SolutionConfigurationPlatforms) = preSolution
		Debug|Any CPU = Debug|Any CPU
		Release|Any CPU = Release|Any CPU
	EndGlobalSection
	GlobalSection(ProjectConfigurationPlatforms) = postSolution
		{4B7E130C-FCD6-4EB1-8208-F5F94B82738F}.Debug|Any CPU.Build.0 = Debug|Any CPU
		{4B7E130C-FCD6-4EB1-8208-F5F94B82738F}.Debug|Any CPU.ActiveCfg = Debug|Any CPU
		{4B7E130C-FCD6-4EB1-8208-F5F94B82738F}.Release|Any CPU.Build.0 = Release|Any CPU
		{4B7E130C-FCD6-4EB1-8208-F5F94B82738F}.Release|Any CPU.ActiveCfg = Release|Any CPU
	EndGlobalSection
EndGlobal
