
Microsoft Visual Studio Solution File, Format Version 11.00
# Visual Studio 2010
# SharpDevelop 4.4
Project("{FD48973F-F585-4F70-812B-4D0503B36CE9}") = "About Me", "About Me\About Me.pyproj", "{C07E1290-07D7-4FB1-8E7C-8AADB4DA8AD8}"
EndProject
Global
	GlobalSection(SolutionConfigurationPlatforms) = preSolution
		Debug|Any CPU = Debug|Any CPU
		Release|Any CPU = Release|Any CPU
	EndGlobalSection
	GlobalSection(ProjectConfigurationPlatforms) = postSolution
		{C07E1290-07D7-4FB1-8E7C-8AADB4DA8AD8}.Debug|Any CPU.Build.0 = Debug|Any CPU
		{C07E1290-07D7-4FB1-8E7C-8AADB4DA8AD8}.Debug|Any CPU.ActiveCfg = Debug|Any CPU
		{C07E1290-07D7-4FB1-8E7C-8AADB4DA8AD8}.Release|Any CPU.Build.0 = Release|Any CPU
		{C07E1290-07D7-4FB1-8E7C-8AADB4DA8AD8}.Release|Any CPU.ActiveCfg = Release|Any CPU
	EndGlobalSection
EndGlobal
