
Microsoft Visual Studio Solution File, Format Version 11.00
# Visual Studio 2010
# SharpDevelop 4.4
Project("{FAE04EC0-301F-11D3-BF4B-00C04F79EFBC}") = "StrInterview8", "StrInterview8.csproj", "{F8FAE0D0-081A-4850-87CE-834B6778F4BA}"
EndProject
Global
	GlobalSection(SolutionConfigurationPlatforms) = preSolution
		Debug|Any CPU = Debug|Any CPU
		Release|Any CPU = Release|Any CPU
	EndGlobalSection
	GlobalSection(ProjectConfigurationPlatforms) = postSolution
		{F8FAE0D0-081A-4850-87CE-834B6778F4BA}.Debug|Any CPU.Build.0 = Debug|Any CPU
		{F8FAE0D0-081A-4850-87CE-834B6778F4BA}.Debug|Any CPU.ActiveCfg = Debug|Any CPU
		{F8FAE0D0-081A-4850-87CE-834B6778F4BA}.Release|Any CPU.Build.0 = Release|Any CPU
		{F8FAE0D0-081A-4850-87CE-834B6778F4BA}.Release|Any CPU.ActiveCfg = Release|Any CPU
	EndGlobalSection
EndGlobal
