
Microsoft Visual Studio Solution File, Format Version 11.00
# Visual Studio 2010
# SharpDevelop 4.4
Project("{FD48973F-F585-4F70-812B-4D0503B36CE9}") = "Pg485SkateboardDesigner", "Pg485SkateboardDesigner\Pg485SkateboardDesigner.pyproj", "{2CC8F4F9-BD87-4DC5-AF39-451D2BC0262F}"
EndProject
Global
	GlobalSection(SolutionConfigurationPlatforms) = preSolution
		Debug|Any CPU = Debug|Any CPU
		Release|Any CPU = Release|Any CPU
	EndGlobalSection
	GlobalSection(ProjectConfigurationPlatforms) = postSolution
		{2CC8F4F9-BD87-4DC5-AF39-451D2BC0262F}.Debug|Any CPU.Build.0 = Debug|Any CPU
		{2CC8F4F9-BD87-4DC5-AF39-451D2BC0262F}.Debug|Any CPU.ActiveCfg = Debug|Any CPU
		{2CC8F4F9-BD87-4DC5-AF39-451D2BC0262F}.Release|Any CPU.Build.0 = Release|Any CPU
		{2CC8F4F9-BD87-4DC5-AF39-451D2BC0262F}.Release|Any CPU.ActiveCfg = Release|Any CPU
	EndGlobalSection
EndGlobal
