
Microsoft Visual Studio Solution File, Format Version 11.00
# Visual Studio 2010
# SharpDevelop 4.4
Project("{FD48973F-F585-4F70-812B-4D0503B36CE9}") = "Pg479ConfrenceRegistration", "Pg479ConfrenceRegistration\Pg479ConfrenceRegistration.pyproj", "{C983218A-2C5E-4C42-B7AB-7F107B4130BB}"
EndProject
Global
	GlobalSection(SolutionConfigurationPlatforms) = preSolution
		Debug|Any CPU = Debug|Any CPU
		Release|Any CPU = Release|Any CPU
	EndGlobalSection
	GlobalSection(ProjectConfigurationPlatforms) = postSolution
		{C983218A-2C5E-4C42-B7AB-7F107B4130BB}.Debug|Any CPU.Build.0 = Debug|Any CPU
		{C983218A-2C5E-4C42-B7AB-7F107B4130BB}.Debug|Any CPU.ActiveCfg = Debug|Any CPU
		{C983218A-2C5E-4C42-B7AB-7F107B4130BB}.Release|Any CPU.Build.0 = Release|Any CPU
		{C983218A-2C5E-4C42-B7AB-7F107B4130BB}.Release|Any CPU.ActiveCfg = Release|Any CPU
	EndGlobalSection
EndGlobal
