
Microsoft Visual Studio Solution File, Format Version 11.00
# Visual Studio 2010
# SharpDevelop 4.4
Project("{FAE04EC0-301F-11D3-BF4B-00C04F79EFBC}") = "CalcWithFunctions", "CalcWithFunctions.csproj", "{13C13BFD-0749-4AA0-A6B8-613CDC2F6BCC}"
EndProject
Global
	GlobalSection(SolutionConfigurationPlatforms) = preSolution
		Debug|Any CPU = Debug|Any CPU
		Release|Any CPU = Release|Any CPU
	EndGlobalSection
	GlobalSection(ProjectConfigurationPlatforms) = postSolution
		{13C13BFD-0749-4AA0-A6B8-613CDC2F6BCC}.Debug|Any CPU.Build.0 = Debug|Any CPU
		{13C13BFD-0749-4AA0-A6B8-613CDC2F6BCC}.Debug|Any CPU.ActiveCfg = Debug|Any CPU
		{13C13BFD-0749-4AA0-A6B8-613CDC2F6BCC}.Release|Any CPU.Build.0 = Release|Any CPU
		{13C13BFD-0749-4AA0-A6B8-613CDC2F6BCC}.Release|Any CPU.ActiveCfg = Release|Any CPU
	EndGlobalSection
EndGlobal
